// !$*UTF8*$!
{
	archiveVersion = 1;
	classes = {
	};
	objectVersion = 54;
	objects = {

/* Begin PBXBuildFile section */
		058557BB273AAA24004C7B11 /* Assets.xcassets in Resources */ = {isa = PBXBuildFile; fileRef = 058557BA273AAA24004C7B11 /* Assets.xcassets */; };
		058557D9273AAEEB004C7B11 /* Preview Assets.xcassets in Resources */ = {isa = PBXBuildFile; fileRef = 058557D8273AAEEB004C7B11 /* Preview Assets.xcassets */; };
		2152FB042600AC8F00CF470E /* iOSApp.swift in Sources */ = {isa = PBXBuildFile; fileRef = 2152FB032600AC8F00CF470E /* iOSApp.swift */; };
		4AB1CB6B2BA8E6BD000D578F /* FirebaseFirestore in Frameworks */ = {isa = PBXBuildFile; productRef = 4AB1CB6A2BA8E6BD000D578F /* FirebaseFirestore */; };
		4AB1CB6D2BA8E6BD000D578F /* FirebaseStorage in Frameworks */ = {isa = PBXBuildFile; productRef = 4AB1CB6C2BA8E6BD000D578F /* FirebaseStorage */; };
		4AB1CB6F2BA8E6BD000D578F /* FirebaseStorageCombine-Community in Frameworks */ = {isa = PBXBuildFile; productRef = 4AB1CB6E2BA8E6BD000D578F /* FirebaseStorageCombine-Community */; };
		7555FF83242A565900829871 /* HomeView.swift in Sources */ = {isa = PBXBuildFile; fileRef = 7555FF82242A565900829871 /* HomeView.swift */; };
		850A3B622C716B7F002397E8 /* GuidancesViewModel.swift in Sources */ = {isa = PBXBuildFile; fileRef = 850A3B612C716B7F002397E8 /* GuidancesViewModel.swift */; };
		850A3B642C716C41002397E8 /* AccommodationService.swift in Sources */ = {isa = PBXBuildFile; fileRef = 850A3B632C716C41002397E8 /* AccommodationService.swift */; };
		850A3B662C716E0F002397E8 /* GuidanceService.swift in Sources */ = {isa = PBXBuildFile; fileRef = 850A3B652C716E0F002397E8 /* GuidanceService.swift */; };
		850A3B682C716F5D002397E8 /* InfoService.swift in Sources */ = {isa = PBXBuildFile; fileRef = 850A3B672C716F5D002397E8 /* InfoService.swift */; };
		85246FBF2C72A8E2002F6E86 /* AccommodationsView.swift in Sources */ = {isa = PBXBuildFile; fileRef = 85246FBE2C72A8E2002F6E86 /* AccommodationsView.swift */; };
		85246FC22C72B6D6002F6E86 /* AboutUsViewModel.swift in Sources */ = {isa = PBXBuildFile; fileRef = 85246FC12C72B6D6002F6E86 /* AboutUsViewModel.swift */; };
		853A19652C6AB9970049ABEA /* CategoryListViewModel.swift in Sources */ = {isa = PBXBuildFile; fileRef = 853A19642C6AB9970049ABEA /* CategoryListViewModel.swift */; };
		8567D0402BB1FA610098A19A /* AboutUsView.swift in Sources */ = {isa = PBXBuildFile; fileRef = 8567D03F2BB1FA610098A19A /* AboutUsView.swift */; };
		8567D0422BB1FAEC0098A19A /* Image+Extension.swift in Sources */ = {isa = PBXBuildFile; fileRef = 8567D0412BB1FAEC0098A19A /* Image+Extension.swift */; };
		8567D0462BB2044B0098A19A /* CategoryListView.swift in Sources */ = {isa = PBXBuildFile; fileRef = 8567D0452BB2044B0098A19A /* CategoryListView.swift */; };
		8567D0482BB20E740098A19A /* CategoryDetailView.swift in Sources */ = {isa = PBXBuildFile; fileRef = 8567D0472BB20E740098A19A /* CategoryDetailView.swift */; };
		857272122C555EBB00619BC0 /* DIHeperService.swift in Sources */ = {isa = PBXBuildFile; fileRef = 857272112C555EBB00619BC0 /* DIHeperService.swift */; };
		857272162C55604400619BC0 /* HomeViewModel.swift in Sources */ = {isa = PBXBuildFile; fileRef = 857272152C55604400619BC0 /* HomeViewModel.swift */; };
		857272192C570D0900619BC0 /* CategoryService.swift in Sources */ = {isa = PBXBuildFile; fileRef = 857272182C570D0900619BC0 /* CategoryService.swift */; };
		8572721B2C570DEB00619BC0 /* PlaceService.swift in Sources */ = {isa = PBXBuildFile; fileRef = 8572721A2C570DEB00619BC0 /* PlaceService.swift */; };
		858CAEDC2C49F04F00137FC6 /* GoogleService-Info.plist in Resources */ = {isa = PBXBuildFile; fileRef = 858CAEDB2C49F04F00137FC6 /* GoogleService-Info.plist */; };
		858CAEDE2C49F10700137FC6 /* AppDelegate.swift in Sources */ = {isa = PBXBuildFile; fileRef = 858CAEDD2C49F10700137FC6 /* AppDelegate.swift */; };
		85AB286E2BD6E28900D9F089 /* GuidancesView.swift in Sources */ = {isa = PBXBuildFile; fileRef = 85AB286D2BD6E28900D9F089 /* GuidancesView.swift */; };
		85AB287C2BD6F8CF00D9F089 /* InformationGuideView.swift in Sources */ = {isa = PBXBuildFile; fileRef = 85AB287B2BD6F8CF00D9F089 /* InformationGuideView.swift */; };
		85B6DEFA2BB1C8B600C17994 /* Color+Extension.swift in Sources */ = {isa = PBXBuildFile; fileRef = 85B6DEF92BB1C8B600C17994 /* Color+Extension.swift */; };
/* End PBXBuildFile section */

/* Begin PBXCopyFilesBuildPhase section */
		7555FFB4242A642300829871 /* Embed Frameworks */ = {
			isa = PBXCopyFilesBuildPhase;
			buildActionMask = 2147483647;
			dstPath = "";
			dstSubfolderSpec = 10;
			files = (
			);
			name = "Embed Frameworks";
			runOnlyForDeploymentPostprocessing = 0;
		};
/* End PBXCopyFilesBuildPhase section */

/* Begin PBXFileReference section */
		058557BA273AAA24004C7B11 /* Assets.xcassets */ = {isa = PBXFileReference; lastKnownFileType = folder.assetcatalog; path = Assets.xcassets; sourceTree = "<group>"; };
		058557D8273AAEEB004C7B11 /* Preview Assets.xcassets */ = {isa = PBXFileReference; lastKnownFileType = folder.assetcatalog; path = "Preview Assets.xcassets"; sourceTree = "<group>"; };
		2152FB032600AC8F00CF470E /* iOSApp.swift */ = {isa = PBXFileReference; lastKnownFileType = sourcecode.swift; path = iOSApp.swift; sourceTree = "<group>"; };
		7555FF7B242A565900829871 /* iosApp.app */ = {isa = PBXFileReference; explicitFileType = wrapper.application; includeInIndex = 0; path = iosApp.app; sourceTree = BUILT_PRODUCTS_DIR; };
		7555FF82242A565900829871 /* HomeView.swift */ = {isa = PBXFileReference; lastKnownFileType = sourcecode.swift; path = HomeView.swift; sourceTree = "<group>"; };
		7555FF8C242A565B00829871 /* Info.plist */ = {isa = PBXFileReference; lastKnownFileType = text.plist.xml; path = Info.plist; sourceTree = "<group>"; };
		850A3B612C716B7F002397E8 /* GuidancesViewModel.swift */ = {isa = PBXFileReference; lastKnownFileType = sourcecode.swift; path = GuidancesViewModel.swift; sourceTree = "<group>"; };
		850A3B632C716C41002397E8 /* AccommodationService.swift */ = {isa = PBXFileReference; lastKnownFileType = sourcecode.swift; path = AccommodationService.swift; sourceTree = "<group>"; };
		850A3B652C716E0F002397E8 /* GuidanceService.swift */ = {isa = PBXFileReference; lastKnownFileType = sourcecode.swift; path = GuidanceService.swift; sourceTree = "<group>"; };
		850A3B672C716F5D002397E8 /* InfoService.swift */ = {isa = PBXFileReference; lastKnownFileType = sourcecode.swift; path = InfoService.swift; sourceTree = "<group>"; };
		85246FBE2C72A8E2002F6E86 /* AccommodationsView.swift */ = {isa = PBXFileReference; lastKnownFileType = sourcecode.swift; path = AccommodationsView.swift; sourceTree = "<group>"; };
		85246FC12C72B6D6002F6E86 /* AboutUsViewModel.swift */ = {isa = PBXFileReference; lastKnownFileType = sourcecode.swift; path = AboutUsViewModel.swift; sourceTree = "<group>"; };
		853A19642C6AB9970049ABEA /* CategoryListViewModel.swift */ = {isa = PBXFileReference; lastKnownFileType = sourcecode.swift; path = CategoryListViewModel.swift; sourceTree = "<group>"; };
		8567D03F2BB1FA610098A19A /* AboutUsView.swift */ = {isa = PBXFileReference; lastKnownFileType = sourcecode.swift; path = AboutUsView.swift; sourceTree = "<group>"; };
		8567D0412BB1FAEC0098A19A /* Image+Extension.swift */ = {isa = PBXFileReference; lastKnownFileType = sourcecode.swift; path = "Image+Extension.swift"; sourceTree = "<group>"; };
		8567D0452BB2044B0098A19A /* CategoryListView.swift */ = {isa = PBXFileReference; lastKnownFileType = sourcecode.swift; path = CategoryListView.swift; sourceTree = "<group>"; };
		8567D0472BB20E740098A19A /* CategoryDetailView.swift */ = {isa = PBXFileReference; lastKnownFileType = sourcecode.swift; path = CategoryDetailView.swift; sourceTree = "<group>"; };
		857272112C555EBB00619BC0 /* DIHeperService.swift */ = {isa = PBXFileReference; lastKnownFileType = sourcecode.swift; path = DIHeperService.swift; sourceTree = "<group>"; };
		857272152C55604400619BC0 /* HomeViewModel.swift */ = {isa = PBXFileReference; lastKnownFileType = sourcecode.swift; path = HomeViewModel.swift; sourceTree = "<group>"; };
		857272182C570D0900619BC0 /* CategoryService.swift */ = {isa = PBXFileReference; lastKnownFileType = sourcecode.swift; path = CategoryService.swift; sourceTree = "<group>"; };
		8572721A2C570DEB00619BC0 /* PlaceService.swift */ = {isa = PBXFileReference; lastKnownFileType = sourcecode.swift; path = PlaceService.swift; sourceTree = "<group>"; };
		858CAEDB2C49F04F00137FC6 /* GoogleService-Info.plist */ = {isa = PBXFileReference; fileEncoding = 4; lastKnownFileType = text.plist.xml; path = "GoogleService-Info.plist"; sourceTree = "<group>"; };
		858CAEDD2C49F10700137FC6 /* AppDelegate.swift */ = {isa = PBXFileReference; lastKnownFileType = sourcecode.swift; path = AppDelegate.swift; sourceTree = "<group>"; };
		85AB286D2BD6E28900D9F089 /* GuidancesView.swift */ = {isa = PBXFileReference; lastKnownFileType = sourcecode.swift; path = GuidancesView.swift; sourceTree = "<group>"; };
		85AB287B2BD6F8CF00D9F089 /* InformationGuideView.swift */ = {isa = PBXFileReference; lastKnownFileType = sourcecode.swift; path = InformationGuideView.swift; sourceTree = "<group>"; };
		85B6DEF92BB1C8B600C17994 /* Color+Extension.swift */ = {isa = PBXFileReference; lastKnownFileType = sourcecode.swift; path = "Color+Extension.swift"; sourceTree = "<group>"; };
/* End PBXFileReference section */

/* Begin PBXFrameworksBuildPhase section */
		7555FF78242A565900829871 /* Frameworks */ = {
			isa = PBXFrameworksBuildPhase;
			buildActionMask = 2147483647;
			files = (
				4AB1CB6B2BA8E6BD000D578F /* FirebaseFirestore in Frameworks */,
				4AB1CB6F2BA8E6BD000D578F /* FirebaseStorageCombine-Community in Frameworks */,
				4AB1CB6D2BA8E6BD000D578F /* FirebaseStorage in Frameworks */,
			);
			runOnlyForDeploymentPostprocessing = 0;
		};
/* End PBXFrameworksBuildPhase section */

/* Begin PBXGroup section */
		058557D7273AAEEB004C7B11 /* Preview Content */ = {
			isa = PBXGroup;
			children = (
				058557D8273AAEEB004C7B11 /* Preview Assets.xcassets */,
			);
			path = "Preview Content";
			sourceTree = "<group>";
		};
		7555FF72242A565900829871 = {
			isa = PBXGroup;
			children = (
				7555FF7D242A565900829871 /* iosApp */,
				7555FF7C242A565900829871 /* Products */,
				7555FFB0242A642200829871 /* Frameworks */,
			);
			sourceTree = "<group>";
		};
		7555FF7C242A565900829871 /* Products */ = {
			isa = PBXGroup;
			children = (
				7555FF7B242A565900829871 /* iosApp.app */,
			);
			name = Products;
			sourceTree = "<group>";
		};
		7555FF7D242A565900829871 /* iosApp */ = {
			isa = PBXGroup;
			children = (
				858CAEDB2C49F04F00137FC6 /* GoogleService-Info.plist */,
				7555FF8C242A565B00829871 /* Info.plist */,
				058557BA273AAA24004C7B11 /* Assets.xcassets */,
				857272132C55600200619BC0 /* Screens */,
				857272102C555E9700619BC0 /* Services */,
				2152FB032600AC8F00CF470E /* iOSApp.swift */,
				058557D7273AAEEB004C7B11 /* Preview Content */,
				85B6DEF92BB1C8B600C17994 /* Color+Extension.swift */,
				8567D0412BB1FAEC0098A19A /* Image+Extension.swift */,
				8567D0472BB20E740098A19A /* CategoryDetailView.swift */,
				85AB287B2BD6F8CF00D9F089 /* InformationGuideView.swift */,
				85246FBE2C72A8E2002F6E86 /* AccommodationsView.swift */,
				858CAEDD2C49F10700137FC6 /* AppDelegate.swift */,
			);
			path = iosApp;
			sourceTree = "<group>";
		};
		7555FFB0242A642200829871 /* Frameworks */ = {
			isa = PBXGroup;
			children = (
			);
			name = Frameworks;
			sourceTree = "<group>";
		};
		85246FBD2C729CB9002F6E86 /* Guidances */ = {
			isa = PBXGroup;
			children = (
				85AB286D2BD6E28900D9F089 /* GuidancesView.swift */,
				850A3B612C716B7F002397E8 /* GuidancesViewModel.swift */,
			);
			path = Guidances;
			sourceTree = "<group>";
		};
		85246FC02C72B694002F6E86 /* AboutUs */ = {
			isa = PBXGroup;
			children = (
				8567D03F2BB1FA610098A19A /* AboutUsView.swift */,
				85246FC12C72B6D6002F6E86 /* AboutUsViewModel.swift */,
			);
			path = AboutUs;
			sourceTree = "<group>";
		};
		853A19632C6AB9810049ABEA /* CategoryList */ = {
			isa = PBXGroup;
			children = (
				8567D0452BB2044B0098A19A /* CategoryListView.swift */,
				853A19642C6AB9970049ABEA /* CategoryListViewModel.swift */,
			);
			path = CategoryList;
			sourceTree = "<group>";
		};
		857272102C555E9700619BC0 /* Services */ = {
			isa = PBXGroup;
			children = (
				857272112C555EBB00619BC0 /* DIHeperService.swift */,
				857272182C570D0900619BC0 /* CategoryService.swift */,
				8572721A2C570DEB00619BC0 /* PlaceService.swift */,
				850A3B632C716C41002397E8 /* AccommodationService.swift */,
				850A3B652C716E0F002397E8 /* GuidanceService.swift */,
				850A3B672C716F5D002397E8 /* InfoService.swift */,
			);
			path = Services;
			sourceTree = "<group>";
		};
		857272132C55600200619BC0 /* Screens */ = {
			isa = PBXGroup;
			children = (
				857272142C55602900619BC0 /* Home */,
				853A19632C6AB9810049ABEA /* CategoryList */,
				85246FC02C72B694002F6E86 /* AboutUs */,
				85246FBD2C729CB9002F6E86 /* Guidances */,
			);
			path = Screens;
			sourceTree = "<group>";
		};
		857272142C55602900619BC0 /* Home */ = {
			isa = PBXGroup;
			children = (
				7555FF82242A565900829871 /* HomeView.swift */,
				857272152C55604400619BC0 /* HomeViewModel.swift */,
			);
			path = Home;
			sourceTree = "<group>";
		};
/* End PBXGroup section */

/* Begin PBXNativeTarget section */
		7555FF7A242A565900829871 /* iosApp */ = {
			isa = PBXNativeTarget;
			buildConfigurationList = 7555FFA5242A565B00829871 /* Build configuration list for PBXNativeTarget "iosApp" */;
			buildPhases = (
				7555FFB5242A651A00829871 /* ShellScript */,
				7555FF77242A565900829871 /* Sources */,
				7555FF78242A565900829871 /* Frameworks */,
				7555FF79242A565900829871 /* Resources */,
				7555FFB4242A642300829871 /* Embed Frameworks */,
			);
			buildRules = (
			);
			dependencies = (
			);
			name = iosApp;
			packageProductDependencies = (
				4AB1CB6A2BA8E6BD000D578F /* FirebaseFirestore */,
				4AB1CB6C2BA8E6BD000D578F /* FirebaseStorage */,
				4AB1CB6E2BA8E6BD000D578F /* FirebaseStorageCombine-Community */,
			);
			productName = iosApp;
			productReference = 7555FF7B242A565900829871 /* iosApp.app */;
			productType = "com.apple.product-type.application";
		};
/* End PBXNativeTarget section */

/* Begin PBXProject section */
		7555FF73242A565900829871 /* Project object */ = {
			isa = PBXProject;
			attributes = {
				LastSwiftUpdateCheck = 1130;
				LastUpgradeCheck = 1130;
				ORGANIZATIONNAME = orgName;
				TargetAttributes = {
					7555FF7A242A565900829871 = {
						CreatedOnToolsVersion = 11.3.1;
					};
				};
			};
			buildConfigurationList = 7555FF76242A565900829871 /* Build configuration list for PBXProject "iosApp" */;
			compatibilityVersion = "Xcode 9.3";
			developmentRegion = en;
			hasScannedForEncodings = 0;
			knownRegions = (
				en,
				Base,
			);
			mainGroup = 7555FF72242A565900829871;
			packageReferences = (
				4AB1CB692BA8E6BD000D578F /* XCRemoteSwiftPackageReference "firebase-ios-sdk" */,
			);
			productRefGroup = 7555FF7C242A565900829871 /* Products */;
			projectDirPath = "";
			projectRoot = "";
			targets = (
				7555FF7A242A565900829871 /* iosApp */,
			);
		};
/* End PBXProject section */

/* Begin PBXResourcesBuildPhase section */
		7555FF79242A565900829871 /* Resources */ = {
			isa = PBXResourcesBuildPhase;
			buildActionMask = 2147483647;
			files = (
				058557D9273AAEEB004C7B11 /* Preview Assets.xcassets in Resources */,
				858CAEDC2C49F04F00137FC6 /* GoogleService-Info.plist in Resources */,
				058557BB273AAA24004C7B11 /* Assets.xcassets in Resources */,
			);
			runOnlyForDeploymentPostprocessing = 0;
		};
/* End PBXResourcesBuildPhase section */

/* Begin PBXShellScriptBuildPhase section */
		7555FFB5242A651A00829871 /* ShellScript */ = {
			isa = PBXShellScriptBuildPhase;
			buildActionMask = 2147483647;
			files = (
			);
			inputFileListPaths = (
			);
			inputPaths = (
			);
			outputFileListPaths = (
			);
			outputPaths = (
			);
			runOnlyForDeploymentPostprocessing = 0;
			shellPath = /bin/sh;
			shellScript = "cd \"$SRCROOT/..\"\n./gradlew :shared:embedAndSignAppleFrameworkForXcode\n";
		};
/* End PBXShellScriptBuildPhase section */

/* Begin PBXSourcesBuildPhase section */
		7555FF77242A565900829871 /* Sources */ = {
			isa = PBXSourcesBuildPhase;
			buildActionMask = 2147483647;
			files = (
				8567D0422BB1FAEC0098A19A /* Image+Extension.swift in Sources */,
				8572721B2C570DEB00619BC0 /* PlaceService.swift in Sources */,
				2152FB042600AC8F00CF470E /* iOSApp.swift in Sources */,
				85246FBF2C72A8E2002F6E86 /* AccommodationsView.swift in Sources */,
				857272122C555EBB00619BC0 /* DIHeperService.swift in Sources */,
				850A3B682C716F5D002397E8 /* InfoService.swift in Sources */,
				857272192C570D0900619BC0 /* CategoryService.swift in Sources */,
				85246FC22C72B6D6002F6E86 /* AboutUsViewModel.swift in Sources */,
				85B6DEFA2BB1C8B600C17994 /* Color+Extension.swift in Sources */,
				85AB286E2BD6E28900D9F089 /* GuidancesView.swift in Sources */,
				850A3B662C716E0F002397E8 /* GuidanceService.swift in Sources */,
				85AB287C2BD6F8CF00D9F089 /* InformationGuideView.swift in Sources */,
				850A3B642C716C41002397E8 /* AccommodationService.swift in Sources */,
				8567D0402BB1FA610098A19A /* AboutUsView.swift in Sources */,
				857272162C55604400619BC0 /* HomeViewModel.swift in Sources */,
				8567D0462BB2044B0098A19A /* CategoryListView.swift in Sources */,
				850A3B622C716B7F002397E8 /* GuidancesViewModel.swift in Sources */,
				7555FF83242A565900829871 /* HomeView.swift in Sources */,
				858CAEDE2C49F10700137FC6 /* AppDelegate.swift in Sources */,
				8567D0482BB20E740098A19A /* CategoryDetailView.swift in Sources */,
				853A19652C6AB9970049ABEA /* CategoryListViewModel.swift in Sources */,
			);
			runOnlyForDeploymentPostprocessing = 0;
		};
/* End PBXSourcesBuildPhase section */

/* Begin XCBuildConfiguration section */
		7555FFA3242A565B00829871 /* Debug */ = {
			isa = XCBuildConfiguration;
			buildSettings = {
				ALWAYS_SEARCH_USER_PATHS = NO;
				CLANG_ANALYZER_NONNULL = YES;
				CLANG_ANALYZER_NUMBER_OBJECT_CONVERSION = YES_AGGRESSIVE;
				CLANG_CXX_LANGUAGE_STANDARD = "gnu++14";
				CLANG_CXX_LIBRARY = "libc++";
				CLANG_ENABLE_MODULES = YES;
				CLANG_ENABLE_OBJC_ARC = YES;
				CLANG_ENABLE_OBJC_WEAK = YES;
				CLANG_WARN_BLOCK_CAPTURE_AUTORELEASING = YES;
				CLANG_WARN_BOOL_CONVERSION = YES;
				CLANG_WARN_COMMA = YES;
				CLANG_WARN_CONSTANT_CONVERSION = YES;
				CLANG_WARN_DEPRECATED_OBJC_IMPLEMENTATIONS = YES;
				CLANG_WARN_DIRECT_OBJC_ISA_USAGE = YES_ERROR;
				CLANG_WARN_DOCUMENTATION_COMMENTS = YES;
				CLANG_WARN_EMPTY_BODY = YES;
				CLANG_WARN_ENUM_CONVERSION = YES;
				CLANG_WARN_INFINITE_RECURSION = YES;
				CLANG_WARN_INT_CONVERSION = YES;
				CLANG_WARN_NON_LITERAL_NULL_CONVERSION = YES;
				CLANG_WARN_OBJC_IMPLICIT_RETAIN_SELF = YES;
				CLANG_WARN_OBJC_LITERAL_CONVERSION = YES;
				CLANG_WARN_OBJC_ROOT_CLASS = YES_ERROR;
				CLANG_WARN_QUOTED_INCLUDE_IN_FRAMEWORK_HEADER = YES;
				CLANG_WARN_RANGE_LOOP_ANALYSIS = YES;
				CLANG_WARN_STRICT_PROTOTYPES = YES;
				CLANG_WARN_SUSPICIOUS_MOVE = YES;
				CLANG_WARN_UNGUARDED_AVAILABILITY = YES_AGGRESSIVE;
				CLANG_WARN_UNREACHABLE_CODE = YES;
				CLANG_WARN__DUPLICATE_METHOD_MATCH = YES;
				COPY_PHASE_STRIP = NO;
				DEBUG_INFORMATION_FORMAT = "dwarf-with-dsym";
				ENABLE_STRICT_OBJC_MSGSEND = YES;
				ENABLE_TESTABILITY = YES;
				GCC_C_LANGUAGE_STANDARD = gnu11;
				GCC_DYNAMIC_NO_PIC = NO;
				GCC_NO_COMMON_BLOCKS = YES;
				GCC_OPTIMIZATION_LEVEL = 0;
				GCC_PREPROCESSOR_DEFINITIONS = (
					"DEBUG=1",
					"$(inherited)",
				);
				GCC_WARN_64_TO_32_BIT_CONVERSION = YES;
				GCC_WARN_ABOUT_RETURN_TYPE = YES_ERROR;
				GCC_WARN_UNDECLARED_SELECTOR = YES;
				GCC_WARN_UNINITIALIZED_AUTOS = YES_AGGRESSIVE;
				GCC_WARN_UNUSED_FUNCTION = YES;
				GCC_WARN_UNUSED_VARIABLE = YES;
				IPHONEOS_DEPLOYMENT_TARGET = 14.1;
				MTL_ENABLE_DEBUG_INFO = INCLUDE_SOURCE;
				MTL_FAST_MATH = YES;
				ONLY_ACTIVE_ARCH = YES;
				SDKROOT = iphoneos;
				SWIFT_ACTIVE_COMPILATION_CONDITIONS = DEBUG;
				SWIFT_OPTIMIZATION_LEVEL = "-Onone";
			};
			name = Debug;
		};
		7555FFA4242A565B00829871 /* Release */ = {
			isa = XCBuildConfiguration;
			buildSettings = {
				ALWAYS_SEARCH_USER_PATHS = NO;
				CLANG_ANALYZER_NONNULL = YES;
				CLANG_ANALYZER_NUMBER_OBJECT_CONVERSION = YES_AGGRESSIVE;
				CLANG_CXX_LANGUAGE_STANDARD = "gnu++14";
				CLANG_CXX_LIBRARY = "libc++";
				CLANG_ENABLE_MODULES = YES;
				CLANG_ENABLE_OBJC_ARC = YES;
				CLANG_ENABLE_OBJC_WEAK = YES;
				CLANG_WARN_BLOCK_CAPTURE_AUTORELEASING = YES;
				CLANG_WARN_BOOL_CONVERSION = YES;
				CLANG_WARN_COMMA = YES;
				CLANG_WARN_CONSTANT_CONVERSION = YES;
				CLANG_WARN_DEPRECATED_OBJC_IMPLEMENTATIONS = YES;
				CLANG_WARN_DIRECT_OBJC_ISA_USAGE = YES_ERROR;
				CLANG_WARN_DOCUMENTATION_COMMENTS = YES;
				CLANG_WARN_EMPTY_BODY = YES;
				CLANG_WARN_ENUM_CONVERSION = YES;
				CLANG_WARN_INFINITE_RECURSION = YES;
				CLANG_WARN_INT_CONVERSION = YES;
				CLANG_WARN_NON_LITERAL_NULL_CONVERSION = YES;
				CLANG_WARN_OBJC_IMPLICIT_RETAIN_SELF = YES;
				CLANG_WARN_OBJC_LITERAL_CONVERSION = YES;
				CLANG_WARN_OBJC_ROOT_CLASS = YES_ERROR;
				CLANG_WARN_QUOTED_INCLUDE_IN_FRAMEWORK_HEADER = YES;
				CLANG_WARN_RANGE_LOOP_ANALYSIS = YES;
				CLANG_WARN_STRICT_PROTOTYPES = YES;
				CLANG_WARN_SUSPICIOUS_MOVE = YES;
				CLANG_WARN_UNGUARDED_AVAILABILITY = YES_AGGRESSIVE;
				CLANG_WARN_UNREACHABLE_CODE = YES;
				CLANG_WARN__DUPLICATE_METHOD_MATCH = YES;
				COPY_PHASE_STRIP = NO;
				DEBUG_INFORMATION_FORMAT = "dwarf-with-dsym";
				ENABLE_NS_ASSERTIONS = NO;
				ENABLE_STRICT_OBJC_MSGSEND = YES;
				GCC_C_LANGUAGE_STANDARD = gnu11;
				GCC_NO_COMMON_BLOCKS = YES;
				GCC_WARN_64_TO_32_BIT_CONVERSION = YES;
				GCC_WARN_ABOUT_RETURN_TYPE = YES_ERROR;
				GCC_WARN_UNDECLARED_SELECTOR = YES;
				GCC_WARN_UNINITIALIZED_AUTOS = YES_AGGRESSIVE;
				GCC_WARN_UNUSED_FUNCTION = YES;
				GCC_WARN_UNUSED_VARIABLE = YES;
				IPHONEOS_DEPLOYMENT_TARGET = 14.1;
				MTL_ENABLE_DEBUG_INFO = NO;
				MTL_FAST_MATH = YES;
				SDKROOT = iphoneos;
				SWIFT_COMPILATION_MODE = wholemodule;
				SWIFT_OPTIMIZATION_LEVEL = "-O";
				VALIDATE_PRODUCT = YES;
			};
			name = Release;
		};
		7555FFA6242A565B00829871 /* Debug */ = {
			isa = XCBuildConfiguration;
			buildSettings = {
				ASSETCATALOG_COMPILER_APPICON_NAME = AppIcon;
				CODE_SIGN_STYLE = Automatic;
				DEVELOPMENT_ASSET_PATHS = "\"iosApp/Preview Content\"";
				ENABLE_PREVIEWS = YES;
				FRAMEWORK_SEARCH_PATHS = (
					"$(inherited)",
					"$(SRCROOT)/../shared/build/xcode-frameworks/$(CONFIGURATION)/$(SDK_NAME)",
				);
				INFOPLIST_FILE = iosApp/Info.plist;
				IPHONEOS_DEPLOYMENT_TARGET = 16.0;
				LD_RUNPATH_SEARCH_PATHS = (
					"$(inherited)",
					"@executable_path/Frameworks",
				);
				OTHER_LDFLAGS = (
					"$(inherited)",
					"-framework",
					shared,
				);
				PRODUCT_BUNDLE_IDENTIFIER = orgIdentifier.iosApp;
				PRODUCT_NAME = "$(TARGET_NAME)";
				SWIFT_VERSION = 5.0;
				TARGETED_DEVICE_FAMILY = "1,2";
			};
			name = Debug;
		};
		7555FFA7242A565B00829871 /* Release */ = {
			isa = XCBuildConfiguration;
			buildSettings = {
				ASSETCATALOG_COMPILER_APPICON_NAME = AppIcon;
				CODE_SIGN_STYLE = Automatic;
				DEVELOPMENT_ASSET_PATHS = "\"iosApp/Preview Content\"";
				ENABLE_PREVIEWS = YES;
				FRAMEWORK_SEARCH_PATHS = (
					"$(inherited)",
					"$(SRCROOT)/../shared/build/xcode-frameworks/$(CONFIGURATION)/$(SDK_NAME)",
				);
				INFOPLIST_FILE = iosApp/Info.plist;
				IPHONEOS_DEPLOYMENT_TARGET = 16.0;
				LD_RUNPATH_SEARCH_PATHS = (
					"$(inherited)",
					"@executable_path/Frameworks",
				);
				OTHER_LDFLAGS = (
					"$(inherited)",
					"-framework",
					shared,
				);
				PRODUCT_BUNDLE_IDENTIFIER = orgIdentifier.iosApp;
				PRODUCT_NAME = "$(TARGET_NAME)";
				SWIFT_VERSION = 5.0;
				TARGETED_DEVICE_FAMILY = "1,2";
			};
			name = Release;
		};
/* End XCBuildConfiguration section */

/* Begin XCConfigurationList section */
		7555FF76242A565900829871 /* Build configuration list for PBXProject "iosApp" */ = {
			isa = XCConfigurationList;
			buildConfigurations = (
				7555FFA3242A565B00829871 /* Debug */,
				7555FFA4242A565B00829871 /* Release */,
			);
			defaultConfigurationIsVisible = 0;
			defaultConfigurationName = Release;
		};
		7555FFA5242A565B00829871 /* Build configuration list for PBXNativeTarget "iosApp" */ = {
			isa = XCConfigurationList;
			buildConfigurations = (
				7555FFA6242A565B00829871 /* Debug */,
				7555FFA7242A565B00829871 /* Release */,
			);
			defaultConfigurationIsVisible = 0;
			defaultConfigurationName = Release;
		};
/* End XCConfigurationList section */

/* Begin XCRemoteSwiftPackageReference section */
		4AB1CB692BA8E6BD000D578F /* XCRemoteSwiftPackageReference "firebase-ios-sdk" */ = {
			isa = XCRemoteSwiftPackageReference;
			repositoryURL = "https://github.com/firebase/firebase-ios-sdk";
			requirement = {
				kind = upToNextMajorVersion;
				minimumVersion = 10.22.1;
			};
		};
/* End XCRemoteSwiftPackageReference section */

/* Begin XCSwiftPackageProductDependency section */
		4AB1CB6A2BA8E6BD000D578F /* FirebaseFirestore */ = {
			isa = XCSwiftPackageProductDependency;
			package = 4AB1CB692BA8E6BD000D578F /* XCRemoteSwiftPackageReference "firebase-ios-sdk" */;
			productName = FirebaseFirestore;
		};
		4AB1CB6C2BA8E6BD000D578F /* FirebaseStorage */ = {
			isa = XCSwiftPackageProductDependency;
			package = 4AB1CB692BA8E6BD000D578F /* XCRemoteSwiftPackageReference "firebase-ios-sdk" */;
			productName = FirebaseStorage;
		};
		4AB1CB6E2BA8E6BD000D578F /* FirebaseStorageCombine-Community */ = {
			isa = XCSwiftPackageProductDependency;
			package = 4AB1CB692BA8E6BD000D578F /* XCRemoteSwiftPackageReference "firebase-ios-sdk" */;
			productName = "FirebaseStorageCombine-Community";
		};
/* End XCSwiftPackageProductDependency section */
	};
	rootObject = 7555FF73242A565900829871 /* Project object */;
}
